
Microsoft Visual Studio Solution File, Format Version 12.00
# Visual Studio Version 16
VisualStudioVersion = 16.0.31424.327
MinimumVisualStudioVersion = 10.0.40219.1
Project("{FAE04EC0-301F-11D3-BF4B-00C04F79EFBC}") = "Appli", "Appli.csproj", "{AD2FF4AD-FB83-4D00-AD6A-4EA1794C63A7}"
EndProject
Project("{FAE04EC0-301F-11D3-BF4B-00C04F79EFBC}") = "AppliTests", "..\AppliTests\AppliTests.csproj", "{5804A4D2-FDD6-4A36-AB4D-8394B334E406}"
EndProject
Global
	GlobalSection(SolutionConfigurationPlatforms) = preSolution
		Debug|Any CPU = Debug|Any CPU
		Release|Any CPU = Release|Any CPU
	EndGlobalSection
	GlobalSection(ProjectConfigurationPlatforms) = postSolution
		{AD2FF4AD-FB83-4D00-AD6A-4EA1794C63A7}.Debug|Any CPU.ActiveCfg = Debug|Any CPU
		{AD2FF4AD-FB83-4D00-AD6A-4EA1794C63A7}.Debug|Any CPU.Build.0 = Debug|Any CPU
		{AD2FF4AD-FB83-4D00-AD6A-4EA1794C63A7}.Release|Any CPU.ActiveCfg = Release|Any CPU
		{AD2FF4AD-FB83-4D00-AD6A-4EA1794C63A7}.Release|Any CPU.Build.0 = Release|Any CPU
		{5804A4D2-FDD6-4A36-AB4D-8394B334E406}.Debug|Any CPU.ActiveCfg = Debug|Any CPU
		{5804A4D2-FDD6-4A36-AB4D-8394B334E406}.Debug|Any CPU.Build.0 = Debug|Any CPU
		{5804A4D2-FDD6-4A36-AB4D-8394B334E406}.Release|Any CPU.ActiveCfg = Release|Any CPU
		{5804A4D2-FDD6-4A36-AB4D-8394B334E406}.Release|Any CPU.Build.0 = Release|Any CPU
	EndGlobalSection
	GlobalSection(SolutionProperties) = preSolution
		HideSolutionNode = FALSE
	EndGlobalSection
	GlobalSection(ExtensibilityGlobals) = postSolution
		SolutionGuid = {F2BD66CF-E937-493B-8853-C47530AAA755}
	EndGlobalSection
EndGlobal
